// !$*UTF8*$!
{
	archiveVersion = 1;
	classes = {
	};
	objectVersion = 46;
	objects = {

/* Begin PBXBuildFile section */
		0E1522881AF921F1008CF7CB /* main.m in Sources */ = {isa = PBXBuildFile; fileRef = 0E1522871AF921F1008CF7CB /* main.m */; };
		0E15228B1AF921F1008CF7CB /* AppDelegate.m in Sources */ = {isa = PBXBuildFile; fileRef = 0E15228A1AF921F1008CF7CB /* AppDelegate.m */; };
		0E1522911AF921F1008CF7CB /* Main.storyboard in Resources */ = {isa = PBXBuildFile; fileRef = 0E15228F1AF921F1008CF7CB /* Main.storyboard */; };
		0E1522931AF921F1008CF7CB /* Images.xcassets in Resources */ = {isa = PBXBuildFile; fileRef = 0E1522921AF921F1008CF7CB /* Images.xcassets */; };
		0E1522961AF921F1008CF7CB /* LaunchScreen.xib in Resources */ = {isa = PBXBuildFile; fileRef = 0E1522941AF921F1008CF7CB /* LaunchScreen.xib */; };
		0E1522A21AF921F1008CF7CB /* ShowOffTests.m in Sources */ = {isa = PBXBuildFile; fileRef = 0E1522A11AF921F1008CF7CB /* ShowOffTests.m */; };
		0EB0ADE11AFA249800E42A8A /* SOImageAnimationViewController.m in Sources */ = {isa = PBXBuildFile; fileRef = 0EB0ADE01AFA249800E42A8A /* SOImageAnimationViewController.m */; };
		0EB0ADE61AFA275800E42A8A /* SOImageControl.m in Sources */ = {isa = PBXBuildFile; fileRef = 0EB0ADE51AFA275800E42A8A /* SOImageControl.m */; };
		0EB0ADE91AFA4F1A00E42A8A /* SOHeaderCollectionViewController.m in Sources */ = {isa = PBXBuildFile; fileRef = 0EB0ADE81AFA4F1A00E42A8A /* SOHeaderCollectionViewController.m */; };
		0EB0ADED1AFA4FC900E42A8A /* SOHeaderCollectionLayout.m in Sources */ = {isa = PBXBuildFile; fileRef = 0EB0ADEC1AFA4FC900E42A8A /* SOHeaderCollectionLayout.m */; };
		0EB0ADF01AFA541400E42A8A /* SOHeaderCollectionReusableView.m in Sources */ = {isa = PBXBuildFile; fileRef = 0EB0ADEF1AFA541400E42A8A /* SOHeaderCollectionReusableView.m */; };
		0ECCA4A11AF935D0009583FA /* SOMainTableViewCell.m in Sources */ = {isa = PBXBuildFile; fileRef = 0ECCA4A01AF935D0009583FA /* SOMainTableViewCell.m */; };
		0ECCA4A91AF93BFE009583FA /* SOCollectionLayoutViewController.m in Sources */ = {isa = PBXBuildFile; fileRef = 0ECCA4A81AF93BFE009583FA /* SOCollectionLayoutViewController.m */; };
		0ECCA4AF1AF93F04009583FA /* SOCardsCollectionLayout.m in Sources */ = {isa = PBXBuildFile; fileRef = 0ECCA4AE1AF93F04009583FA /* SOCardsCollectionLayout.m */; };
		0ECCA4B31AF9408B009583FA /* SOCollectionViewCell.m in Sources */ = {isa = PBXBuildFile; fileRef = 0ECCA4B21AF9408B009583FA /* SOCollectionViewCell.m */; };
		0ECCA4B71AFA13E7009583FA /* SOSlidingMenuLayout.m in Sources */ = {isa = PBXBuildFile; fileRef = 0ECCA4B61AFA13E7009583FA /* SOSlidingMenuLayout.m */; };
		0ECCA4BD1AFA15EA009583FA /* SOSlidingMenuCollectionViewCell.m in Sources */ = {isa = PBXBuildFile; fileRef = 0ECCA4BC1AFA15EA009583FA /* SOSlidingMenuCollectionViewCell.m */; };
		0ECCA4C01AFA17D1009583FA /* SOSlidingMenuCollectionViewController.m in Sources */ = {isa = PBXBuildFile; fileRef = 0ECCA4BF1AFA17D1009583FA /* SOSlidingMenuCollectionViewController.m */; };
		0EF2A88C1AF92B1B00618A1D /* SOMainViewController.m in Sources */ = {isa = PBXBuildFile; fileRef = 0EF2A88B1AF92B1B00618A1D /* SOMainViewController.m */; };
		CC70AED795C1489BDB274A4A /* libPods.a in Frameworks */ = {isa = PBXBuildFile; fileRef = ADC8D02C9A06A439A87A9116 /* libPods.a */; };
/* End PBXBuildFile section */

/* Begin PBXContainerItemProxy section */
		0E15229C1AF921F1008CF7CB /* PBXContainerItemProxy */ = {
			isa = PBXContainerItemProxy;
			containerPortal = 0E15227A1AF921F1008CF7CB /* Project object */;
			proxyType = 1;
			remoteGlobalIDString = 0E1522811AF921F1008CF7CB;
			remoteInfo = ShowOff;
		};
/* End PBXContainerItemProxy section */

/* Begin PBXFileReference section */
		0E1522821AF921F1008CF7CB /* ShowOff.app */ = {isa = PBXFileReference; explicitFileType = wrapper.application; includeInIndex = 0; path = ShowOff.app; sourceTree = BUILT_PRODUCTS_DIR; };
		0E1522861AF921F1008CF7CB /* Info.plist */ = {isa = PBXFileReference; lastKnownFileType = text.plist.xml; path = Info.plist; sourceTree = "<group>"; };
		0E1522871AF921F1008CF7CB /* main.m */ = {isa = PBXFileReference; lastKnownFileType = sourcecode.c.objc; path = main.m; sourceTree = "<group>"; };
		0E1522891AF921F1008CF7CB /* AppDelegate.h */ = {isa = PBXFileReference; lastKnownFileType = sourcecode.c.h; path = AppDelegate.h; sourceTree = "<group>"; };
		0E15228A1AF921F1008CF7CB /* AppDelegate.m */ = {isa = PBXFileReference; lastKnownFileType = sourcecode.c.objc; path = AppDelegate.m; sourceTree = "<group>"; };
		0E1522901AF921F1008CF7CB /* Base */ = {isa = PBXFileReference; lastKnownFileType = file.storyboard; name = Base; path = Base.lproj/Main.storyboard; sourceTree = "<group>"; };
		0E1522921AF921F1008CF7CB /* Images.xcassets */ = {isa = PBXFileReference; lastKnownFileType = folder.assetcatalog; path = Images.xcassets; sourceTree = "<group>"; };
		0E1522951AF921F1008CF7CB /* Base */ = {isa = PBXFileReference; lastKnownFileType = file.xib; name = Base; path = Base.lproj/LaunchScreen.xib; sourceTree = "<group>"; };
		0E15229B1AF921F1008CF7CB /* ShowOffTests.xctest */ = {isa = PBXFileReference; explicitFileType = wrapper.cfbundle; includeInIndex = 0; path = ShowOffTests.xctest; sourceTree = BUILT_PRODUCTS_DIR; };
		0E1522A01AF921F1008CF7CB /* Info.plist */ = {isa = PBXFileReference; lastKnownFileType = text.plist.xml; path = Info.plist; sourceTree = "<group>"; };
		0E1522A11AF921F1008CF7CB /* ShowOffTests.m */ = {isa = PBXFileReference; lastKnownFileType = sourcecode.c.objc; path = ShowOffTests.m; sourceTree = "<group>"; };
		0EB0ADDF1AFA249800E42A8A /* SOImageAnimationViewController.h */ = {isa = PBXFileReference; fileEncoding = 4; lastKnownFileType = sourcecode.c.h; name = SOImageAnimationViewController.h; path = "Image Animation/SOImageAnimationViewController.h"; sourceTree = "<group>"; };
		0EB0ADE01AFA249800E42A8A /* SOImageAnimationViewController.m */ = {isa = PBXFileReference; fileEncoding = 4; lastKnownFileType = sourcecode.c.objc; name = SOImageAnimationViewController.m; path = "Image Animation/SOImageAnimationViewController.m"; sourceTree = "<group>"; };
		0EB0ADE41AFA275800E42A8A /* SOImageControl.h */ = {isa = PBXFileReference; fileEncoding = 4; lastKnownFileType = sourcecode.c.h; name = SOImageControl.h; path = "Image Control/SOImageControl.h"; sourceTree = "<group>"; };
		0EB0ADE51AFA275800E42A8A /* SOImageControl.m */ = {isa = PBXFileReference; fileEncoding = 4; lastKnownFileType = sourcecode.c.objc; name = SOImageControl.m; path = "Image Control/SOImageControl.m"; sourceTree = "<group>"; };
		0EB0ADE71AFA4F1A00E42A8A /* SOHeaderCollectionViewController.h */ = {isa = PBXFileReference; fileEncoding = 4; lastKnownFileType = sourcecode.c.h; path = SOHeaderCollectionViewController.h; sourceTree = "<group>"; };
		0EB0ADE81AFA4F1A00E42A8A /* SOHeaderCollectionViewController.m */ = {isa = PBXFileReference; fileEncoding = 4; lastKnownFileType = sourcecode.c.objc; path = SOHeaderCollectionViewController.m; sourceTree = "<group>"; };
		0EB0ADEB1AFA4FC900E42A8A /* SOHeaderCollectionLayout.h */ = {isa = PBXFileReference; fileEncoding = 4; lastKnownFileType = sourcecode.c.h; name = SOHeaderCollectionLayout.h; path = Layout/SOHeaderCollectionLayout.h; sourceTree = "<group>"; };
		0EB0ADEC1AFA4FC900E42A8A /* SOHeaderCollectionLayout.m */ = {isa = PBXFileReference; fileEncoding = 4; lastKnownFileType = sourcecode.c.objc; name = SOHeaderCollectionLayout.m; path = Layout/SOHeaderCollectionLayout.m; sourceTree = "<group>"; };
		0EB0ADEE1AFA541400E42A8A /* SOHeaderCollectionReusableView.h */ = {isa = PBXFileReference; fileEncoding = 4; lastKnownFileType = sourcecode.c.h; name = SOHeaderCollectionReusableView.h; path = "ReuseAble Views/SOHeaderCollectionReusableView.h"; sourceTree = "<group>"; };
		0EB0ADEF1AFA541400E42A8A /* SOHeaderCollectionReusableView.m */ = {isa = PBXFileReference; fileEncoding = 4; lastKnownFileType = sourcecode.c.objc; name = SOHeaderCollectionReusableView.m; path = "ReuseAble Views/SOHeaderCollectionReusableView.m"; sourceTree = "<group>"; };
		0ECCA49F1AF935D0009583FA /* SOMainTableViewCell.h */ = {isa = PBXFileReference; fileEncoding = 4; lastKnownFileType = sourcecode.c.h; path = SOMainTableViewCell.h; sourceTree = "<group>"; };
		0ECCA4A01AF935D0009583FA /* SOMainTableViewCell.m */ = {isa = PBXFileReference; fileEncoding = 4; lastKnownFileType = sourcecode.c.objc; path = SOMainTableViewCell.m; sourceTree = "<group>"; };
		0ECCA4A21AF93639009583FA /* ShowOff-PreFix.pch */ = {isa = PBXFileReference; lastKnownFileType = sourcecode.c.h; path = "ShowOff-PreFix.pch"; sourceTree = "<group>"; };
		0ECCA4A71AF93BFE009583FA /* SOCollectionLayoutViewController.h */ = {isa = PBXFileReference; fileEncoding = 4; lastKnownFileType = sourcecode.c.h; name = SOCollectionLayoutViewController.h; path = CollectionLayoutViewController/SOCollectionLayoutViewController.h; sourceTree = "<group>"; };
		0ECCA4A81AF93BFE009583FA /* SOCollectionLayoutViewController.m */ = {isa = PBXFileReference; fileEncoding = 4; lastKnownFileType = sourcecode.c.objc; name = SOCollectionLayoutViewController.m; path = CollectionLayoutViewController/SOCollectionLayoutViewController.m; sourceTree = "<group>"; };
		0ECCA4AD1AF93F04009583FA /* SOCardsCollectionLayout.h */ = {isa = PBXFileReference; fileEncoding = 4; lastKnownFileType = sourcecode.c.h; name = SOCardsCollectionLayout.h; path = Layout/SOCardsCollectionLayout.h; sourceTree = "<group>"; };
		0ECCA4AE1AF93F04009583FA /* SOCardsCollectionLayout.m */ = {isa = PBXFileReference; fileEncoding = 4; lastKnownFileType = sourcecode.c.objc; name = SOCardsCollectionLayout.m; path = Layout/SOCardsCollectionLayout.m; sourceTree = "<group>"; };
		0ECCA4B11AF9408B009583FA /* SOCollectionViewCell.h */ = {isa = PBXFileReference; fileEncoding = 4; lastKnownFileType = sourcecode.c.h; path = SOCollectionViewCell.h; sourceTree = "<group>"; };
		0ECCA4B21AF9408B009583FA /* SOCollectionViewCell.m */ = {isa = PBXFileReference; fileEncoding = 4; lastKnownFileType = sourcecode.c.objc; path = SOCollectionViewCell.m; sourceTree = "<group>"; };
		0ECCA4B51AFA13E7009583FA /* SOSlidingMenuLayout.h */ = {isa = PBXFileReference; fileEncoding = 4; lastKnownFileType = sourcecode.c.h; name = SOSlidingMenuLayout.h; path = Layout/SOSlidingMenuLayout.h; sourceTree = "<group>"; };
		0ECCA4B61AFA13E7009583FA /* SOSlidingMenuLayout.m */ = {isa = PBXFileReference; fileEncoding = 4; lastKnownFileType = sourcecode.c.objc; name = SOSlidingMenuLayout.m; path = Layout/SOSlidingMenuLayout.m; sourceTree = "<group>"; };
		0ECCA4BB1AFA15EA009583FA /* SOSlidingMenuCollectionViewCell.h */ = {isa = PBXFileReference; fileEncoding = 4; lastKnownFileType = sourcecode.c.h; path = SOSlidingMenuCollectionViewCell.h; sourceTree = "<group>"; };
		0ECCA4BC1AFA15EA009583FA /* SOSlidingMenuCollectionViewCell.m */ = {isa = PBXFileReference; fileEncoding = 4; lastKnownFileType = sourcecode.c.objc; path = SOSlidingMenuCollectionViewCell.m; sourceTree = "<group>"; };
		0ECCA4BE1AFA17D1009583FA /* SOSlidingMenuCollectionViewController.h */ = {isa = PBXFileReference; fileEncoding = 4; lastKnownFileType = sourcecode.c.h; name = SOSlidingMenuCollectionViewController.h; path = CollectionLayoutViewController/SOSlidingMenuCollectionViewController.h; sourceTree = "<group>"; };
		0ECCA4BF1AFA17D1009583FA /* SOSlidingMenuCollectionViewController.m */ = {isa = PBXFileReference; fileEncoding = 4; lastKnownFileType = sourcecode.c.objc; name = SOSlidingMenuCollectionViewController.m; path = CollectionLayoutViewController/SOSlidingMenuCollectionViewController.m; sourceTree = "<group>"; };
		0EF2A88A1AF92B1B00618A1D /* SOMainViewController.h */ = {isa = PBXFileReference; fileEncoding = 4; lastKnownFileType = sourcecode.c.h; path = SOMainViewController.h; sourceTree = "<group>"; };
		0EF2A88B1AF92B1B00618A1D /* SOMainViewController.m */ = {isa = PBXFileReference; fileEncoding = 4; lastKnownFileType = sourcecode.c.objc; path = SOMainViewController.m; sourceTree = "<group>"; };
		6C0760553CD66B1A0377A819 /* Pods.debug.xcconfig */ = {isa = PBXFileReference; includeInIndex = 1; lastKnownFileType = text.xcconfig; name = Pods.debug.xcconfig; path = "Pods/Target Support Files/Pods/Pods.debug.xcconfig"; sourceTree = "<group>"; };
		ADC8D02C9A06A439A87A9116 /* libPods.a */ = {isa = PBXFileReference; explicitFileType = archive.ar; includeInIndex = 0; path = libPods.a; sourceTree = BUILT_PRODUCTS_DIR; };
		EE5F6812F35A42412CC0C851 /* Pods.release.xcconfig */ = {isa = PBXFileReference; includeInIndex = 1; lastKnownFileType = text.xcconfig; name = Pods.release.xcconfig; path = "Pods/Target Support Files/Pods/Pods.release.xcconfig"; sourceTree = "<group>"; };
/* End PBXFileReference section */

/* Begin PBXFrameworksBuildPhase section */
		0E15227F1AF921F1008CF7CB /* Frameworks */ = {
			isa = PBXFrameworksBuildPhase;
			buildActionMask = 2147483647;
			files = (
				CC70AED795C1489BDB274A4A /* libPods.a in Frameworks */,
			);
			runOnlyForDeploymentPostprocessing = 0;
		};
		0E1522981AF921F1008CF7CB /* Frameworks */ = {
			isa = PBXFrameworksBuildPhase;
			buildActionMask = 2147483647;
			files = (
			);
			runOnlyForDeploymentPostprocessing = 0;
		};
/* End PBXFrameworksBuildPhase section */

/* Begin PBXGroup section */
		0E1522791AF921F1008CF7CB = {
			isa = PBXGroup;
			children = (
				0E1522841AF921F1008CF7CB /* ShowOff */,
				0E15229E1AF921F1008CF7CB /* ShowOffTests */,
				0E1522831AF921F1008CF7CB /* Products */,
				7AB92CFE7D3DD3031C5F0C78 /* Pods */,
				7472E8CD6C3D19B998040178 /* Frameworks */,
			);
			sourceTree = "<group>";
		};
		0E1522831AF921F1008CF7CB /* Products */ = {
			isa = PBXGroup;
			children = (
				0E1522821AF921F1008CF7CB /* ShowOff.app */,
				0E15229B1AF921F1008CF7CB /* ShowOffTests.xctest */,
			);
			name = Products;
			sourceTree = "<group>";
		};
		0E1522841AF921F1008CF7CB /* ShowOff */ = {
			isa = PBXGroup;
			children = (
				0EF2A8851AF92B1B00618A1D /* View */,
				0EF2A8861AF92B1B00618A1D /* Model */,
				0EF2A8871AF92B1B00618A1D /* Util */,
				0EF2A8881AF92B1B00618A1D /* Controller */,
				0E1522891AF921F1008CF7CB /* AppDelegate.h */,
				0E15228A1AF921F1008CF7CB /* AppDelegate.m */,
				0E15228F1AF921F1008CF7CB /* Main.storyboard */,
				0E1522921AF921F1008CF7CB /* Images.xcassets */,
				0E1522941AF921F1008CF7CB /* LaunchScreen.xib */,
				0E1522851AF921F1008CF7CB /* Supporting Files */,
			);
			path = ShowOff;
			sourceTree = "<group>";
		};
		0E1522851AF921F1008CF7CB /* Supporting Files */ = {
			isa = PBXGroup;
			children = (
				0E1522861AF921F1008CF7CB /* Info.plist */,
				0E1522871AF921F1008CF7CB /* main.m */,
				0ECCA4A21AF93639009583FA /* ShowOff-PreFix.pch */,
			);
			name = "Supporting Files";
			sourceTree = "<group>";
		};
		0E15229E1AF921F1008CF7CB /* ShowOffTests */ = {
			isa = PBXGroup;
			children = (
				0E1522A11AF921F1008CF7CB /* ShowOffTests.m */,
				0E15229F1AF921F1008CF7CB /* Supporting Files */,
			);
			path = ShowOffTests;
			sourceTree = "<group>";
		};
		0E15229F1AF921F1008CF7CB /* Supporting Files */ = {
			isa = PBXGroup;
			children = (
				0E1522A01AF921F1008CF7CB /* Info.plist */,
			);
			name = "Supporting Files";
			sourceTree = "<group>";
		};
		0EB0ADE21AFA249D00E42A8A /* Image Animation */ = {
			isa = PBXGroup;
			children = (
				0EB0ADDF1AFA249800E42A8A /* SOImageAnimationViewController.h */,
				0EB0ADE01AFA249800E42A8A /* SOImageAnimationViewController.m */,
			);
			name = "Image Animation";
			sourceTree = "<group>";
		};
		0EB0ADE31AFA273300E42A8A /* Image Control */ = {
			isa = PBXGroup;
			children = (
				0EB0ADE41AFA275800E42A8A /* SOImageControl.h */,
				0EB0ADE51AFA275800E42A8A /* SOImageControl.m */,
			);
			name = "Image Control";
			sourceTree = "<group>";
		};
		0EB0ADF11AFA541A00E42A8A /* Reuseable Views */ = {
			isa = PBXGroup;
			children = (
				0EB0ADEE1AFA541400E42A8A /* SOHeaderCollectionReusableView.h */,
				0EB0ADEF1AFA541400E42A8A /* SOHeaderCollectionReusableView.m */,
			);
			name = "Reuseable Views";
			sourceTree = "<group>";
		};
		0ECCA49B1AF935B4009583FA /* TableView */ = {
			isa = PBXGroup;
			children = (
				0ECCA49C1AF935B4009583FA /* Cells */,
			);
			path = TableView;
			sourceTree = "<group>";
		};
		0ECCA49C1AF935B4009583FA /* Cells */ = {
			isa = PBXGroup;
			children = (
				0ECCA49F1AF935D0009583FA /* SOMainTableViewCell.h */,
				0ECCA4A01AF935D0009583FA /* SOMainTableViewCell.m */,
			);
			path = Cells;
			sourceTree = "<group>";
		};
		0ECCA49D1AF935B4009583FA /* CollectionView */ = {
			isa = PBXGroup;
			children = (
				0ECCA49E1AF935B4009583FA /* Cells */,
				0ECCA4B01AF93F16009583FA /* Layout */,
				0EB0ADF11AFA541A00E42A8A /* Reuseable Views */,
			);
			path = CollectionView;
			sourceTree = "<group>";
		};
		0ECCA49E1AF935B4009583FA /* Cells */ = {
			isa = PBXGroup;
			children = (
				0ECCA4B11AF9408B009583FA /* SOCollectionViewCell.h */,
				0ECCA4B21AF9408B009583FA /* SOCollectionViewCell.m */,
				0ECCA4BB1AFA15EA009583FA /* SOSlidingMenuCollectionViewCell.h */,
				0ECCA4BC1AFA15EA009583FA /* SOSlidingMenuCollectionViewCell.m */,
			);
			path = Cells;
			sourceTree = "<group>";
		};
		0ECCA4A31AF93B97009583FA /* CollectionLayoutViewController */ = {
			isa = PBXGroup;
			children = (
				0ECCA4A71AF93BFE009583FA /* SOCollectionLayoutViewController.h */,
				0ECCA4A81AF93BFE009583FA /* SOCollectionLayoutViewController.m */,
				0ECCA4BE1AFA17D1009583FA /* SOSlidingMenuCollectionViewController.h */,
				0ECCA4BF1AFA17D1009583FA /* SOSlidingMenuCollectionViewController.m */,
				0EB0ADE71AFA4F1A00E42A8A /* SOHeaderCollectionViewController.h */,
				0EB0ADE81AFA4F1A00E42A8A /* SOHeaderCollectionViewController.m */,
			);
			name = CollectionLayoutViewController;
			sourceTree = "<group>";
		};
		0ECCA4B01AF93F16009583FA /* Layout */ = {
			isa = PBXGroup;
			children = (
				0ECCA4AD1AF93F04009583FA /* SOCardsCollectionLayout.h */,
				0ECCA4AE1AF93F04009583FA /* SOCardsCollectionLayout.m */,
				0ECCA4B51AFA13E7009583FA /* SOSlidingMenuLayout.h */,
				0ECCA4B61AFA13E7009583FA /* SOSlidingMenuLayout.m */,
				0EB0ADEB1AFA4FC900E42A8A /* SOHeaderCollectionLayout.h */,
				0EB0ADEC1AFA4FC900E42A8A /* SOHeaderCollectionLayout.m */,
			);
			name = Layout;
			sourceTree = "<group>";
		};
		0EF2A8851AF92B1B00618A1D /* View */ = {
			isa = PBXGroup;
			children = (
				0EB0ADE31AFA273300E42A8A /* Image Control */,
				0ECCA49B1AF935B4009583FA /* TableView */,
				0ECCA49D1AF935B4009583FA /* CollectionView */,
			);
			path = View;
			sourceTree = "<group>";
		};
		0EF2A8861AF92B1B00618A1D /* Model */ = {
			isa = PBXGroup;
			children = (
			);
			path = Model;
			sourceTree = "<group>";
		};
		0EF2A8871AF92B1B00618A1D /* Util */ = {
			isa = PBXGroup;
			children = (
			);
			path = Util;
			sourceTree = "<group>";
		};
		0EF2A8881AF92B1B00618A1D /* Controller */ = {
			isa = PBXGroup;
			children = (
				0ECCA4A31AF93B97009583FA /* CollectionLayoutViewController */,
				0EF2A8891AF92B1B00618A1D /* Main */,
				0EB0ADE21AFA249D00E42A8A /* Image Animation */,
			);
			path = Controller;
			sourceTree = "<group>";
		};
		0EF2A8891AF92B1B00618A1D /* Main */ = {
			isa = PBXGroup;
			children = (
				0EF2A88A1AF92B1B00618A1D /* SOMainViewController.h */,
				0EF2A88B1AF92B1B00618A1D /* SOMainViewController.m */,
			);
			path = Main;
			sourceTree = "<group>";
		};
		7472E8CD6C3D19B998040178 /* Frameworks */ = {
			isa = PBXGroup;
			children = (
				ADC8D02C9A06A439A87A9116 /* libPods.a */,
			);
			name = Frameworks;
			sourceTree = "<group>";
		};
		7AB92CFE7D3DD3031C5F0C78 /* Pods */ = {
			isa = PBXGroup;
			children = (
				6C0760553CD66B1A0377A819 /* Pods.debug.xcconfig */,
				EE5F6812F35A42412CC0C851 /* Pods.release.xcconfig */,
			);
			name = Pods;
			sourceTree = "<group>";
		};
/* End PBXGroup section */

/* Begin PBXNativeTarget section */
		0E1522811AF921F1008CF7CB /* ShowOff */ = {
			isa = PBXNativeTarget;
			buildConfigurationList = 0E1522A51AF921F1008CF7CB /* Build configuration list for PBXNativeTarget "ShowOff" */;
			buildPhases = (
				6E79A49AD7AE1F0591A91F44 /* Check Pods Manifest.lock */,
				0E15227E1AF921F1008CF7CB /* Sources */,
				0E15227F1AF921F1008CF7CB /* Frameworks */,
				0E1522801AF921F1008CF7CB /* Resources */,
				D60C174C1E610E8ADCEA2010 /* Copy Pods Resources */,
			);
			buildRules = (
			);
			dependencies = (
			);
			name = ShowOff;
			productName = ShowOff;
			productReference = 0E1522821AF921F1008CF7CB /* ShowOff.app */;
			productType = "com.apple.product-type.application";
		};
		0E15229A1AF921F1008CF7CB /* ShowOffTests */ = {
			isa = PBXNativeTarget;
			buildConfigurationList = 0E1522A81AF921F1008CF7CB /* Build configuration list for PBXNativeTarget "ShowOffTests" */;
			buildPhases = (
				0E1522971AF921F1008CF7CB /* Sources */,
				0E1522981AF921F1008CF7CB /* Frameworks */,
				0E1522991AF921F1008CF7CB /* Resources */,
			);
			buildRules = (
			);
			dependencies = (
				0E15229D1AF921F1008CF7CB /* PBXTargetDependency */,
			);
			name = ShowOffTests;
			productName = ShowOffTests;
			productReference = 0E15229B1AF921F1008CF7CB /* ShowOffTests.xctest */;
			productType = "com.apple.product-type.bundle.unit-test";
		};
/* End PBXNativeTarget section */

/* Begin PBXProject section */
		0E15227A1AF921F1008CF7CB /* Project object */ = {
			isa = PBXProject;
			attributes = {
				LastUpgradeCheck = 0630;
				ORGANIZATIONNAME = dressler;
				TargetAttributes = {
					0E1522811AF921F1008CF7CB = {
						CreatedOnToolsVersion = 6.3;
					};
					0E15229A1AF921F1008CF7CB = {
						CreatedOnToolsVersion = 6.3;
						TestTargetID = 0E1522811AF921F1008CF7CB;
					};
				};
			};
			buildConfigurationList = 0E15227D1AF921F1008CF7CB /* Build configuration list for PBXProject "ShowOff" */;
			compatibilityVersion = "Xcode 3.2";
			developmentRegion = English;
			hasScannedForEncodings = 0;
			knownRegions = (
				en,
				Base,
			);
			mainGroup = 0E1522791AF921F1008CF7CB;
			productRefGroup = 0E1522831AF921F1008CF7CB /* Products */;
			projectDirPath = "";
			projectRoot = "";
			targets = (
				0E1522811AF921F1008CF7CB /* ShowOff */,
				0E15229A1AF921F1008CF7CB /* ShowOffTests */,
			);
		};
/* End PBXProject section */

/* Begin PBXResourcesBuildPhase section */
		0E1522801AF921F1008CF7CB /* Resources */ = {
			isa = PBXResourcesBuildPhase;
			buildActionMask = 2147483647;
			files = (
				0E1522911AF921F1008CF7CB /* Main.storyboard in Resources */,
				0E1522961AF921F1008CF7CB /* LaunchScreen.xib in Resources */,
				0E1522931AF921F1008CF7CB /* Images.xcassets in Resources */,
			);
			runOnlyForDeploymentPostprocessing = 0;
		};
		0E1522991AF921F1008CF7CB /* Resources */ = {
			isa = PBXResourcesBuildPhase;
			buildActionMask = 2147483647;
			files = (
			);
			runOnlyForDeploymentPostprocessing = 0;
		};
/* End PBXResourcesBuildPhase section */

/* Begin PBXShellScriptBuildPhase section */
		6E79A49AD7AE1F0591A91F44 /* Check Pods Manifest.lock */ = {
			isa = PBXShellScriptBuildPhase;
			buildActionMask = 2147483647;
			files = (
			);
			inputPaths = (
			);
			name = "Check Pods Manifest.lock";
			outputPaths = (
			);
			runOnlyForDeploymentPostprocessing = 0;
			shellPath = /bin/sh;
			shellScript = "diff \"${PODS_ROOT}/../Podfile.lock\" \"${PODS_ROOT}/Manifest.lock\" > /dev/null\nif [[ $? != 0 ]] ; then\n    cat << EOM\nerror: The sandbox is not in sync with the Podfile.lock. Run 'pod install' or update your CocoaPods installation.\nEOM\n    exit 1\nfi\n";
			showEnvVarsInLog = 0;
		};
		D60C174C1E610E8ADCEA2010 /* Copy Pods Resources */ = {
			isa = PBXShellScriptBuildPhase;
			buildActionMask = 2147483647;
			files = (
			);
			inputPaths = (
			);
			name = "Copy Pods Resources";
			outputPaths = (
			);
			runOnlyForDeploymentPostprocessing = 0;
			shellPath = /bin/sh;
			shellScript = "\"${SRCROOT}/Pods/Target Support Files/Pods/Pods-resources.sh\"\n";
			showEnvVarsInLog = 0;
		};
/* End PBXShellScriptBuildPhase section */

/* Begin PBXSourcesBuildPhase section */
		0E15227E1AF921F1008CF7CB /* Sources */ = {
			isa = PBXSourcesBuildPhase;
			buildActionMask = 2147483647;
			files = (
				0EB0ADE91AFA4F1A00E42A8A /* SOHeaderCollectionViewController.m in Sources */,
				0ECCA4B31AF9408B009583FA /* SOCollectionViewCell.m in Sources */,
				0E15228B1AF921F1008CF7CB /* AppDelegate.m in Sources */,
				0ECCA4C01AFA17D1009583FA /* SOSlidingMenuCollectionViewController.m in Sources */,
				0EB0ADE11AFA249800E42A8A /* SOImageAnimationViewController.m in Sources */,
				0ECCA4BD1AFA15EA009583FA /* SOSlidingMenuCollectionViewCell.m in Sources */,
				0EB0ADED1AFA4FC900E42A8A /* SOHeaderCollectionLayout.m in Sources */,
				0ECCA4AF1AF93F04009583FA /* SOCardsCollectionLayout.m in Sources */,
				0EF2A88C1AF92B1B00618A1D /* SOMainViewController.m in Sources */,
				0ECCA4A91AF93BFE009583FA /* SOCollectionLayoutViewController.m in Sources */,
				0ECCA4A11AF935D0009583FA /* SOMainTableViewCell.m in Sources */,
				0EB0ADE61AFA275800E42A8A /* SOImageControl.m in Sources */,
				0EB0ADF01AFA541400E42A8A /* SOHeaderCollectionReusableView.m in Sources */,
				0E1522881AF921F1008CF7CB /* main.m in Sources */,
				0ECCA4B71AFA13E7009583FA /* SOSlidingMenuLayout.m in Sources */,
			);
			runOnlyForDeploymentPostprocessing = 0;
		};
		0E1522971AF921F1008CF7CB /* Sources */ = {
			isa = PBXSourcesBuildPhase;
			buildActionMask = 2147483647;
			files = (
				0E1522A21AF921F1008CF7CB /* ShowOffTests.m in Sources */,
			);
			runOnlyForDeploymentPostprocessing = 0;
		};
/* End PBXSourcesBuildPhase section */

/* Begin PBXTargetDependency section */
		0E15229D1AF921F1008CF7CB /* PBXTargetDependency */ = {
			isa = PBXTargetDependency;
			target = 0E1522811AF921F1008CF7CB /* ShowOff */;
			targetProxy = 0E15229C1AF921F1008CF7CB /* PBXContainerItemProxy */;
		};
/* End PBXTargetDependency section */

/* Begin PBXVariantGroup section */
		0E15228F1AF921F1008CF7CB /* Main.storyboard */ = {
			isa = PBXVariantGroup;
			children = (
				0E1522901AF921F1008CF7CB /* Base */,
			);
			name = Main.storyboard;
			sourceTree = "<group>";
		};
		0E1522941AF921F1008CF7CB /* LaunchScreen.xib */ = {
			isa = PBXVariantGroup;
			children = (
				0E1522951AF921F1008CF7CB /* Base */,
			);
			name = LaunchScreen.xib;
			sourceTree = "<group>";
		};
/* End PBXVariantGroup section */

/* Begin XCBuildConfiguration section */
		0E1522A31AF921F1008CF7CB /* Debug */ = {
			isa = XCBuildConfiguration;
			buildSettings = {
				ALWAYS_SEARCH_USER_PATHS = NO;
				CLANG_CXX_LANGUAGE_STANDARD = "gnu++0x";
				CLANG_CXX_LIBRARY = "libc++";
				CLANG_ENABLE_MODULES = YES;
				CLANG_ENABLE_OBJC_ARC = YES;
				CLANG_WARN_BOOL_CONVERSION = YES;
				CLANG_WARN_CONSTANT_CONVERSION = YES;
				CLANG_WARN_DIRECT_OBJC_ISA_USAGE = YES_ERROR;
				CLANG_WARN_EMPTY_BODY = YES;
				CLANG_WARN_ENUM_CONVERSION = YES;
				CLANG_WARN_INT_CONVERSION = YES;
				CLANG_WARN_OBJC_ROOT_CLASS = YES_ERROR;
				CLANG_WARN_UNREACHABLE_CODE = YES;
				CLANG_WARN__DUPLICATE_METHOD_MATCH = YES;
				"CODE_SIGN_IDENTITY[sdk=iphoneos*]" = "iPhone Developer";
				COPY_PHASE_STRIP = NO;
				DEBUG_INFORMATION_FORMAT = "dwarf-with-dsym";
				ENABLE_STRICT_OBJC_MSGSEND = YES;
				GCC_C_LANGUAGE_STANDARD = gnu99;
				GCC_DYNAMIC_NO_PIC = NO;
				GCC_NO_COMMON_BLOCKS = YES;
				GCC_OPTIMIZATION_LEVEL = 0;
				GCC_PREPROCESSOR_DEFINITIONS = (
					"DEBUG=1",
					"$(inherited)",
				);
				GCC_SYMBOLS_PRIVATE_EXTERN = NO;
				GCC_WARN_64_TO_32_BIT_CONVERSION = YES;
				GCC_WARN_ABOUT_RETURN_TYPE = YES_ERROR;
				GCC_WARN_UNDECLARED_SELECTOR = YES;
				GCC_WARN_UNINITIALIZED_AUTOS = YES_AGGRESSIVE;
				GCC_WARN_UNUSED_FUNCTION = YES;
				GCC_WARN_UNUSED_VARIABLE = YES;
				IPHONEOS_DEPLOYMENT_TARGET = 8.3;
				MTL_ENABLE_DEBUG_INFO = YES;
				ONLY_ACTIVE_ARCH = YES;
				SDKROOT = iphoneos;
			};
			name = Debug;
		};
		0E1522A41AF921F1008CF7CB /* Release */ = {
			isa = XCBuildConfiguration;
			buildSettings = {
				ALWAYS_SEARCH_USER_PATHS = NO;
				CLANG_CXX_LANGUAGE_STANDARD = "gnu++0x";
				CLANG_CXX_LIBRARY = "libc++";
				CLANG_ENABLE_MODULES = YES;
				CLANG_ENABLE_OBJC_ARC = YES;
				CLANG_WARN_BOOL_CONVERSION = YES;
				CLANG_WARN_CONSTANT_CONVERSION = YES;
				CLANG_WARN_DIRECT_OBJC_ISA_USAGE = YES_ERROR;
				CLANG_WARN_EMPTY_BODY = YES;
				CLANG_WARN_ENUM_CONVERSION = YES;
				CLANG_WARN_INT_CONVERSION = YES;
				CLANG_WARN_OBJC_ROOT_CLASS = YES_ERROR;
				CLANG_WARN_UNREACHABLE_CODE = YES;
				CLANG_WARN__DUPLICATE_METHOD_MATCH = YES;
				"CODE_SIGN_IDENTITY[sdk=iphoneos*]" = "iPhone Developer";
				COPY_PHASE_STRIP = NO;
				DEBUG_INFORMATION_FORMAT = "dwarf-with-dsym";
				ENABLE_NS_ASSERTIONS = NO;
				ENABLE_STRICT_OBJC_MSGSEND = YES;
				GCC_C_LANGUAGE_STANDARD = gnu99;
				GCC_NO_COMMON_BLOCKS = YES;
				GCC_WARN_64_TO_32_BIT_CONVERSION = YES;
				GCC_WARN_ABOUT_RETURN_TYPE = YES_ERROR;
				GCC_WARN_UNDECLARED_SELECTOR = YES;
				GCC_WARN_UNINITIALIZED_AUTOS = YES_AGGRESSIVE;
				GCC_WARN_UNUSED_FUNCTION = YES;
				GCC_WARN_UNUSED_VARIABLE = YES;
				IPHONEOS_DEPLOYMENT_TARGET = 8.3;
				MTL_ENABLE_DEBUG_INFO = NO;
				SDKROOT = iphoneos;
				VALIDATE_PRODUCT = YES;
			};
			name = Release;
		};
		0E1522A61AF921F1008CF7CB /* Debug */ = {
			isa = XCBuildConfiguration;
			baseConfigurationReference = 6C0760553CD66B1A0377A819 /* Pods.debug.xcconfig */;
			buildSettings = {
				ASSETCATALOG_COMPILER_APPICON_NAME = AppIcon;
				GCC_PREFIX_HEADER = "ShowOff/ShowOff-PreFix.pch";
				INFOPLIST_FILE = ShowOff/Info.plist;
				LD_RUNPATH_SEARCH_PATHS = "$(inherited) @executable_path/Frameworks";
				PRODUCT_NAME = "$(TARGET_NAME)";
			};
			name = Debug;
		};
		0E1522A71AF921F1008CF7CB /* Release */ = {
			isa = XCBuildConfiguration;
			baseConfigurationReference = EE5F6812F35A42412CC0C851 /* Pods.release.xcconfig */;
			buildSettings = {
				ASSETCATALOG_COMPILER_APPICON_NAME = AppIcon;
				GCC_PREFIX_HEADER = "ShowOff/ShowOff-PreFix.pch";
				INFOPLIST_FILE = ShowOff/Info.plist;
				LD_RUNPATH_SEARCH_PATHS = "$(inherited) @executable_path/Frameworks";
				PRODUCT_NAME = "$(TARGET_NAME)";
			};
			name = Release;
		};
		0E1522A91AF921F1008CF7CB /* Debug */ = {
			isa = XCBuildConfiguration;
			buildSettings = {
				BUNDLE_LOADER = "$(TEST_HOST)";
				FRAMEWORK_SEARCH_PATHS = (
					"$(SDKROOT)/Developer/Library/Frameworks",
					"$(inherited)",
				);
				GCC_PREPROCESSOR_DEFINITIONS = (
					"DEBUG=1",
					"$(inherited)",
				);
				INFOPLIST_FILE = ShowOffTests/Info.plist;
				LD_RUNPATH_SEARCH_PATHS = "$(inherited) @executable_path/Frameworks @loader_path/Frameworks";
				PRODUCT_NAME = "$(TARGET_NAME)";
				TEST_HOST = "$(BUILT_PRODUCTS_DIR)/ShowOff.app/ShowOff";
			};
			name = Debug;
		};
		0E1522AA1AF921F1008CF7CB /* Release */ = {
			isa = XCBuildConfiguration;
			buildSettings = {
				BUNDLE_LOADER = "$(TEST_HOST)";
				FRAMEWORK_SEARCH_PATHS = (
					"$(SDKROOT)/Developer/Library/Frameworks",
					"$(inherited)",
				);
				INFOPLIST_FILE = ShowOffTests/Info.plist;
				LD_RUNPATH_SEARCH_PATHS = "$(inherited) @executable_path/Frameworks @loader_path/Frameworks";
				PRODUCT_NAME = "$(TARGET_NAME)";
				TEST_HOST = "$(BUILT_PRODUCTS_DIR)/ShowOff.app/ShowOff";
			};
			name = Release;
		};
/* End XCBuildConfiguration section */

/* Begin XCConfigurationList section */
		0E15227D1AF921F1008CF7CB /* Build configuration list for PBXProject "ShowOff" */ = {
			isa = XCConfigurationList;
			buildConfigurations = (
				0E1522A31AF921F1008CF7CB /* Debug */,
				0E1522A41AF921F1008CF7CB /* Release */,
			);
			defaultConfigurationIsVisible = 0;
			defaultConfigurationName = Release;
		};
		0E1522A51AF921F1008CF7CB /* Build configuration list for PBXNativeTarget "ShowOff" */ = {
			isa = XCConfigurationList;
			buildConfigurations = (
				0E1522A61AF921F1008CF7CB /* Debug */,
				0E1522A71AF921F1008CF7CB /* Release */,
			);
			defaultConfigurationIsVisible = 0;
			defaultConfigurationName = Release;
		};
		0E1522A81AF921F1008CF7CB /* Build configuration list for PBXNativeTarget "ShowOffTests" */ = {
			isa = XCConfigurationList;
			buildConfigurations = (
				0E1522A91AF921F1008CF7CB /* Debug */,
				0E1522AA1AF921F1008CF7CB /* Release */,
			);
			defaultConfigurationIsVisible = 0;
			defaultConfigurationName = Release;
		};
/* End XCConfigurationList section */
	};
	rootObject = 0E15227A1AF921F1008CF7CB /* Project object */;
}
